
Microsoft Visual Studio Solution File, Format Version 12.00
# Visual Studio Version 17
VisualStudioVersion = 17.3.32901.215
MinimumVisualStudioVersion = 10.0.40219.1
Project("{FAE04EC0-301F-11D3-BF4B-00C04F79EFBC}") = "FileSystemVisitor", "FileSystemVisitor.csproj", "{2B48F072-24FB-4B8B-9FD2-364EBB0CC22F}"
EndProject
Global
	GlobalSection(SolutionConfigurationPlatforms) = preSolution
		Debug|Any CPU = Debug|Any CPU
		Release|Any CPU = Release|Any CPU
	EndGlobalSection
	GlobalSection(ProjectConfigurationPlatforms) = postSolution
		{2B48F072-24FB-4B8B-9FD2-364EBB0CC22F}.Debug|Any CPU.ActiveCfg = Debug|Any CPU
		{2B48F072-24FB-4B8B-9FD2-364EBB0CC22F}.Debug|Any CPU.Build.0 = Debug|Any CPU
		{2B48F072-24FB-4B8B-9FD2-364EBB0CC22F}.Release|Any CPU.ActiveCfg = Release|Any CPU
		{2B48F072-24FB-4B8B-9FD2-364EBB0CC22F}.Release|Any CPU.Build.0 = Release|Any CPU
	EndGlobalSection
	GlobalSection(SolutionProperties) = preSolution
		HideSolutionNode = FALSE
	EndGlobalSection
	GlobalSection(ExtensibilityGlobals) = postSolution
		SolutionGuid = {31332FF1-AD7F-4D3C-B82C-120D75E891A4}
	EndGlobalSection
EndGlobal
