
Microsoft Visual Studio Solution File, Format Version 12.00
# Visual Studio Version 17
VisualStudioVersion = 17.4.33122.133
MinimumVisualStudioVersion = 10.0.40219.1
Project("{FAE04EC0-301F-11D3-BF4B-00C04F79EFBC}") = "Orders", "Orders.csproj", "{AE0A8A14-1BE1-4503-AFD0-AEBE9E9AA05D}"
EndProject
Global
	GlobalSection(SolutionConfigurationPlatforms) = preSolution
		Debug|Any CPU = Debug|Any CPU
		Release|Any CPU = Release|Any CPU
	EndGlobalSection
	GlobalSection(ProjectConfigurationPlatforms) = postSolution
		{AE0A8A14-1BE1-4503-AFD0-AEBE9E9AA05D}.Debug|Any CPU.ActiveCfg = Debug|Any CPU
		{AE0A8A14-1BE1-4503-AFD0-AEBE9E9AA05D}.Debug|Any CPU.Build.0 = Debug|Any CPU
		{AE0A8A14-1BE1-4503-AFD0-AEBE9E9AA05D}.Release|Any CPU.ActiveCfg = Release|Any CPU
		{AE0A8A14-1BE1-4503-AFD0-AEBE9E9AA05D}.Release|Any CPU.Build.0 = Release|Any CPU
	EndGlobalSection
	GlobalSection(SolutionProperties) = preSolution
		HideSolutionNode = FALSE
	EndGlobalSection
	GlobalSection(ExtensibilityGlobals) = postSolution
		SolutionGuid = {C0F6FEE9-60D4-4D65-A58F-C444B5CDD0B7}
	EndGlobalSection
EndGlobal
