
Microsoft Visual Studio Solution File, Format Version 12.00
# Visual Studio Version 17
VisualStudioVersion = 17.4.33110.190
MinimumVisualStudioVersion = 10.0.40219.1
Project("{FAE04EC0-301F-11D3-BF4B-00C04F79EFBC}") = "StringSumKata", "StringSumKata.csproj", "{897AD796-9874-4E96-BD0F-BD3A3485A047}"
EndProject
Global
	GlobalSection(SolutionConfigurationPlatforms) = preSolution
		Debug|Any CPU = Debug|Any CPU
		Release|Any CPU = Release|Any CPU
	EndGlobalSection
	GlobalSection(ProjectConfigurationPlatforms) = postSolution
		{897AD796-9874-4E96-BD0F-BD3A3485A047}.Debug|Any CPU.ActiveCfg = Debug|Any CPU
		{897AD796-9874-4E96-BD0F-BD3A3485A047}.Debug|Any CPU.Build.0 = Debug|Any CPU
		{897AD796-9874-4E96-BD0F-BD3A3485A047}.Release|Any CPU.ActiveCfg = Release|Any CPU
		{897AD796-9874-4E96-BD0F-BD3A3485A047}.Release|Any CPU.Build.0 = Release|Any CPU
	EndGlobalSection
	GlobalSection(SolutionProperties) = preSolution
		HideSolutionNode = FALSE
	EndGlobalSection
	GlobalSection(ExtensibilityGlobals) = postSolution
		SolutionGuid = {820ABDD2-20DA-4E38-B940-FFB5FE5EB504}
	EndGlobalSection
EndGlobal
