
Microsoft Visual Studio Solution File, Format Version 12.00
# Visual Studio Version 17
VisualStudioVersion = 17.4.33110.190
MinimumVisualStudioVersion = 10.0.40219.1
Project("{FAE04EC0-301F-11D3-BF4B-00C04F79EFBC}") = "CalcStatsKata", "CalcStatsKata.csproj", "{2FAFBF2F-651D-4E27-86D2-9F9861FD7519}"
EndProject
Project("{FAE04EC0-301F-11D3-BF4B-00C04F79EFBC}") = "CalcStatsKataTests", "..\CalcStatsKataTests\CalcStatsKataTests.csproj", "{A56E4138-622D-4F5A-89F5-53F04AACEA90}"
EndProject
Global
	GlobalSection(SolutionConfigurationPlatforms) = preSolution
		Debug|Any CPU = Debug|Any CPU
		Release|Any CPU = Release|Any CPU
	EndGlobalSection
	GlobalSection(ProjectConfigurationPlatforms) = postSolution
		{2FAFBF2F-651D-4E27-86D2-9F9861FD7519}.Debug|Any CPU.ActiveCfg = Debug|Any CPU
		{2FAFBF2F-651D-4E27-86D2-9F9861FD7519}.Debug|Any CPU.Build.0 = Debug|Any CPU
		{2FAFBF2F-651D-4E27-86D2-9F9861FD7519}.Release|Any CPU.ActiveCfg = Release|Any CPU
		{2FAFBF2F-651D-4E27-86D2-9F9861FD7519}.Release|Any CPU.Build.0 = Release|Any CPU
		{A56E4138-622D-4F5A-89F5-53F04AACEA90}.Debug|Any CPU.ActiveCfg = Debug|Any CPU
		{A56E4138-622D-4F5A-89F5-53F04AACEA90}.Debug|Any CPU.Build.0 = Debug|Any CPU
		{A56E4138-622D-4F5A-89F5-53F04AACEA90}.Release|Any CPU.ActiveCfg = Release|Any CPU
		{A56E4138-622D-4F5A-89F5-53F04AACEA90}.Release|Any CPU.Build.0 = Release|Any CPU
	EndGlobalSection
	GlobalSection(SolutionProperties) = preSolution
		HideSolutionNode = FALSE
	EndGlobalSection
	GlobalSection(ExtensibilityGlobals) = postSolution
		SolutionGuid = {F7DE64F8-52A9-4C6C-B6A8-7F45BE670EB8}
	EndGlobalSection
EndGlobal
