
Microsoft Visual Studio Solution File, Format Version 12.00
# Visual Studio Version 17
VisualStudioVersion = 17.3.32901.215
MinimumVisualStudioVersion = 10.0.40219.1
Project("{9A19103F-16F7-4668-BE54-9A1E7A4F7556}") = "CustomAttribute", "CustomAttribute.csproj", "{6A63E51E-A99D-4883-A182-A9380F6041EC}"
EndProject
Project("{FAE04EC0-301F-11D3-BF4B-00C04F79EFBC}") = "JsonFileProvider", "..\JsonFileProvider\JsonFileProvider.csproj", "{9464A5BB-FEDB-456F-8B08-3AAE267B1CCF}"
EndProject
Project("{FAE04EC0-301F-11D3-BF4B-00C04F79EFBC}") = "AppConfigurationProvider", "..\AppConfigurationProvider\AppConfigurationProvider.csproj", "{99BB54E7-F672-480B-A4AE-6F9AE085A4DA}"
EndProject
Global
	GlobalSection(SolutionConfigurationPlatforms) = preSolution
		Debug|Any CPU = Debug|Any CPU
		Release|Any CPU = Release|Any CPU
	EndGlobalSection
	GlobalSection(ProjectConfigurationPlatforms) = postSolution
		{6A63E51E-A99D-4883-A182-A9380F6041EC}.Debug|Any CPU.ActiveCfg = Debug|Any CPU
		{6A63E51E-A99D-4883-A182-A9380F6041EC}.Debug|Any CPU.Build.0 = Debug|Any CPU
		{6A63E51E-A99D-4883-A182-A9380F6041EC}.Release|Any CPU.ActiveCfg = Release|Any CPU
		{6A63E51E-A99D-4883-A182-A9380F6041EC}.Release|Any CPU.Build.0 = Release|Any CPU
		{9464A5BB-FEDB-456F-8B08-3AAE267B1CCF}.Debug|Any CPU.ActiveCfg = Debug|Any CPU
		{9464A5BB-FEDB-456F-8B08-3AAE267B1CCF}.Debug|Any CPU.Build.0 = Debug|Any CPU
		{9464A5BB-FEDB-456F-8B08-3AAE267B1CCF}.Release|Any CPU.ActiveCfg = Release|Any CPU
		{9464A5BB-FEDB-456F-8B08-3AAE267B1CCF}.Release|Any CPU.Build.0 = Release|Any CPU
		{99BB54E7-F672-480B-A4AE-6F9AE085A4DA}.Debug|Any CPU.ActiveCfg = Debug|Any CPU
		{99BB54E7-F672-480B-A4AE-6F9AE085A4DA}.Debug|Any CPU.Build.0 = Debug|Any CPU
		{99BB54E7-F672-480B-A4AE-6F9AE085A4DA}.Release|Any CPU.ActiveCfg = Release|Any CPU
		{99BB54E7-F672-480B-A4AE-6F9AE085A4DA}.Release|Any CPU.Build.0 = Release|Any CPU
	EndGlobalSection
	GlobalSection(SolutionProperties) = preSolution
		HideSolutionNode = FALSE
	EndGlobalSection
	GlobalSection(ExtensibilityGlobals) = postSolution
		SolutionGuid = {330BC39D-9B98-4502-9D1D-CD4F66DAF0E7}
	EndGlobalSection
EndGlobal
