
Microsoft Visual Studio Solution File, Format Version 12.00
# Visual Studio Version 17
VisualStudioVersion = 17.3.32901.215
MinimumVisualStudioVersion = 10.0.40219.1
Project("{FAE04EC0-301F-11D3-BF4B-00C04F79EFBC}") = "CustomAttribute", "CustomAttribute.csproj", "{6A63E51E-A99D-4883-A182-A9380F6041EC}"
EndProject
Global
	GlobalSection(SolutionConfigurationPlatforms) = preSolution
		Debug|Any CPU = Debug|Any CPU
		Release|Any CPU = Release|Any CPU
	EndGlobalSection
	GlobalSection(ProjectConfigurationPlatforms) = postSolution
		{6A63E51E-A99D-4883-A182-A9380F6041EC}.Debug|Any CPU.ActiveCfg = Debug|Any CPU
		{6A63E51E-A99D-4883-A182-A9380F6041EC}.Debug|Any CPU.Build.0 = Debug|Any CPU
		{6A63E51E-A99D-4883-A182-A9380F6041EC}.Release|Any CPU.ActiveCfg = Release|Any CPU
		{6A63E51E-A99D-4883-A182-A9380F6041EC}.Release|Any CPU.Build.0 = Release|Any CPU
	EndGlobalSection
	GlobalSection(SolutionProperties) = preSolution
		HideSolutionNode = FALSE
	EndGlobalSection
	GlobalSection(ExtensibilityGlobals) = postSolution
		SolutionGuid = {330BC39D-9B98-4502-9D1D-CD4F66DAF0E7}
	EndGlobalSection
EndGlobal
