
Microsoft Visual Studio Solution File, Format Version 12.00
# Visual Studio Version 17
VisualStudioVersion = 17.3.32901.215
MinimumVisualStudioVersion = 10.0.40219.1
Project("{FAE04EC0-301F-11D3-BF4B-00C04F79EFBC}") = "FileSystemSearch", "FileSystemSearch.csproj", "{AED25E8F-321A-4339-A25C-9C6F0D92A89E}"
EndProject
Global
	GlobalSection(SolutionConfigurationPlatforms) = preSolution
		Debug|Any CPU = Debug|Any CPU
		Release|Any CPU = Release|Any CPU
	EndGlobalSection
	GlobalSection(ProjectConfigurationPlatforms) = postSolution
		{AED25E8F-321A-4339-A25C-9C6F0D92A89E}.Debug|Any CPU.ActiveCfg = Debug|Any CPU
		{AED25E8F-321A-4339-A25C-9C6F0D92A89E}.Debug|Any CPU.Build.0 = Debug|Any CPU
		{AED25E8F-321A-4339-A25C-9C6F0D92A89E}.Release|Any CPU.ActiveCfg = Release|Any CPU
		{AED25E8F-321A-4339-A25C-9C6F0D92A89E}.Release|Any CPU.Build.0 = Release|Any CPU
	EndGlobalSection
	GlobalSection(SolutionProperties) = preSolution
		HideSolutionNode = FALSE
	EndGlobalSection
	GlobalSection(ExtensibilityGlobals) = postSolution
		SolutionGuid = {3B6AB476-39CA-41C6-B2CB-F7D634FDBF18}
	EndGlobalSection
EndGlobal
